
Microsoft Visual Studio Solution File, Format Version 12.00
Project("{FAE04EC0-301F-11D3-BF4B-00C04F79EFBC}") = "LifeSimulation", "LifeSimulation\LifeSimulation.csproj", "{C9D08E8F-91E0-4A32-9A0A-6309890850F7}"
EndProject
Project("{FAE04EC0-301F-11D3-BF4B-00C04F79EFBC}") = "NaturalSelection", "NaturalSelection\NaturalSelection.csproj", "{4F8529F4-9AAA-42F7-964C-C4EC056A0784}"
EndProject
Project("{FAE04EC0-301F-11D3-BF4B-00C04F79EFBC}") = "MacroEvolution", "MacroEvolution\MacroEvolution.csproj", "{04964195-9A78-4BDB-AEE5-8682695D8E48}"
EndProject
Global
	GlobalSection(SolutionConfigurationPlatforms) = preSolution
		Debug|Any CPU = Debug|Any CPU
		Release|Any CPU = Release|Any CPU
	EndGlobalSection
	GlobalSection(ProjectConfigurationPlatforms) = postSolution
		{C9D08E8F-91E0-4A32-9A0A-6309890850F7}.Debug|Any CPU.ActiveCfg = Debug|Any CPU
		{C9D08E8F-91E0-4A32-9A0A-6309890850F7}.Debug|Any CPU.Build.0 = Debug|Any CPU
		{C9D08E8F-91E0-4A32-9A0A-6309890850F7}.Release|Any CPU.ActiveCfg = Release|Any CPU
		{C9D08E8F-91E0-4A32-9A0A-6309890850F7}.Release|Any CPU.Build.0 = Release|Any CPU
		{4F8529F4-9AAA-42F7-964C-C4EC056A0784}.Debug|Any CPU.ActiveCfg = Debug|Any CPU
		{4F8529F4-9AAA-42F7-964C-C4EC056A0784}.Debug|Any CPU.Build.0 = Debug|Any CPU
		{4F8529F4-9AAA-42F7-964C-C4EC056A0784}.Release|Any CPU.ActiveCfg = Release|Any CPU
		{4F8529F4-9AAA-42F7-964C-C4EC056A0784}.Release|Any CPU.Build.0 = Release|Any CPU
		{04964195-9A78-4BDB-AEE5-8682695D8E48}.Debug|Any CPU.ActiveCfg = Debug|Any CPU
		{04964195-9A78-4BDB-AEE5-8682695D8E48}.Debug|Any CPU.Build.0 = Debug|Any CPU
		{04964195-9A78-4BDB-AEE5-8682695D8E48}.Release|Any CPU.ActiveCfg = Release|Any CPU
		{04964195-9A78-4BDB-AEE5-8682695D8E48}.Release|Any CPU.Build.0 = Release|Any CPU
	EndGlobalSection
EndGlobal
